{
  "nodes": {
    "core-flake": {
      "inputs": {
        "flake-utils": "flake-utils",
        "nixpkgs": [
          "nixpkgs"
        ]
      },
      "locked": {
        "lastModified": 1789430235,
        "narHash": "sha256-5N05lE3v/V4CZD7mJMzB7D5DgcM/uUjKrbk6tzD/PdM=",
        "ref": "refs/heads/master",
        "rev": "42442dcecb46a326aedbdab1b08f6fad2bff987a",
        "revCount": 21,
        "type": "git",
        "url": "ssh://git@github.com/purplenoodlesoop/core-flake"
      },
      "original": {
        "type": "git",
        "url": "ssh://git@github.com/purplenoodlesoop/core-flake"
      }
    },
    "flake-utils": {
      "inputs": {
        "systems": "systems"
      },
      "locked": {
        "lastModified": 1726560853,
        "narHash": "sha256-X6rJYSESBVr3hBoH0WbKE5KvhPU5bloyZ2L4K60/fPQ=",
        "owner": "numtide",
        "repo": "flake-utils",
        "rev": "c1dfcf08411b08f6b8615f7d8971a2bfa81d5e8a",
        "type": "github"
      },
      "original": {
        "owner": "numtide",
        "repo": "flake-utils",
        "type": "github"
      }
    },
    "nightscout-src": {
      "flake": false,
      "locked": {
        "lastModified": 1788545550,
        "narHash": "sha256-D3TwkuLHIFLgFQVG3Bb95GVeyBtOiq0MsXznbEp+puA=",
        "owner": "nightscout",
        "repo": "cgm-remote-monitor",
        "rev": "92d0834219aa771b5837dbcbf1baeb839a200cf6",
        "type": "github"
      },
      "original": {
        "owner": "nightscout",
        "ref": "v15.0.8",
        "repo": "cgm-remote-monitor",
        "type": "github"
      }
    },
    "nixpkgs": {
      "locked": {
        "lastModified": 1789370336,
        "narHash": "sha256-6RSEDHIWQtesQKWSu5qRai8L2h4KgCgMEfJHstW99G4=",
        "owner": "NixOS",
        "repo": "nixpkgs",
        "rev": "c7def046b9a883d46974757852106483d741586f",
        "type": "github"
      },
      "original": {
        "owner": "NixOS",
        "ref": "nixpkgs-unstable",
        "repo": "nixpkgs",
        "type": "github"
      }
    },
    "root": {
      "inputs": {
        "core-flake": "core-flake",
        "nightscout-src": "nightscout-src",
        "nixpkgs": "nixpkgs"
      }
    },
    "systems": {
      "locked": {
        "lastModified": 1681028828,
        "narHash": "sha256-Vy1rq5AaRuLzOxct8nz4T6wlgyUR7zLU309k9mBC768=",
        "owner": "nix-systems",
        "repo": "default",
        "rev": "da67096a3b9bf56a91d16901293e51ba5b49a27e",
        "type": "github"
      },
      "original": {
        "owner": "nix-systems",
        "repo": "default",
        "type": "github"
      }
    }
  },
  "root": "root",
  "version": 7
}
